
Microsoft Visual Studio Solution File, Format Version 12.00
# Visual Studio Version 17
VisualStudioVersion = 17.10.35004.147
MinimumVisualStudioVersion = 10.0.40219.1
Project("{2150E333-8FDC-42A3-9474-1A3956D46DE8}") = "Doc", "Doc", "{997C42EF-3BED-43E5-AD1E-28B0A324FD3B}"
EndProject
Project("{2150E333-8FDC-42A3-9474-1A3956D46DE8}") = "Src", "Src", "{4D825D12-2F97-48FB-B6A2-4DFE4C9324B1}"
EndProject
Project("{2150E333-8FDC-42A3-9474-1A3956D46DE8}") = "Domain", "Domain", "{D5DA954D-A326-4AAB-BB75-09CE4938EBE8}"
EndProject
Project("{2150E333-8FDC-42A3-9474-1A3956D46DE8}") = "Application", "Application", "{D2685406-4197-472D-92C3-0DC80FB3304B}"
EndProject
Project("{2150E333-8FDC-42A3-9474-1A3956D46DE8}") = "Infrastructure", "Infrastructure", "{AFF9217F-AA67-442D-903D-D386DD26D905}"
EndProject
Project("{2150E333-8FDC-42A3-9474-1A3956D46DE8}") = "API", "API", "{6EB32EAE-C7C9-42F5-9D1F-90E8F0517F30}"
EndProject
Project("{FAE04EC0-301F-11D3-BF4B-00C04F79EFBC}") = "CustomerManagement.API", "Src\API\CustomerManagement.API\CustomerManagement.API.csproj", "{6CE5020B-3C0D-467E-8262-17AB415BB2FC}"
EndProject
Project("{FAE04EC0-301F-11D3-BF4B-00C04F79EFBC}") = "CustomerManagement.Application", "Src\Application\CustomerManagement.Application\CustomerManagement.Application.csproj", "{ECD7F504-D709-415C-A039-326B1DA40629}"
EndProject
Project("{FAE04EC0-301F-11D3-BF4B-00C04F79EFBC}") = "CustomerManagement.Domain", "Src\Domain\CustomerManagement.Domain\CustomerManagement.Domain.csproj", "{9FDC400F-F0ED-42C1-B229-3A49E9E966F3}"
EndProject
Project("{FAE04EC0-301F-11D3-BF4B-00C04F79EFBC}") = "CustomerManagement.Infrastructure", "Src\Infrastructure\CustomerManagement.Infrastructure\CustomerManagement.Infrastructure.csproj", "{63248E7F-EE5A-41FF-BAFA-30BCCBFBD4C2}"
EndProject
Project("{2150E333-8FDC-42A3-9474-1A3956D46DE8}") = "Site", "Site", "{2A1A573B-E331-7306-0DED-D19F6CF25EDE}"
EndProject
Project("{FAE04EC0-301F-11D3-BF4B-00C04F79EFBC}") = "CustomerManagement.BlazorUI", "Src\Site\CustomerManagement.BlazorUI\CustomerManagement.BlazorUI.csproj", "{7E38FF04-B0E8-4ABD-B563-59E3FB42E6EA}"
EndProject
Global
	GlobalSection(SolutionConfigurationPlatforms) = preSolution
		Debug|Any CPU = Debug|Any CPU
		Debug|x64 = Debug|x64
		Debug|x86 = Debug|x86
		Release|Any CPU = Release|Any CPU
		Release|x64 = Release|x64
		Release|x86 = Release|x86
	EndGlobalSection
	GlobalSection(ProjectConfigurationPlatforms) = postSolution
		{6CE5020B-3C0D-467E-8262-17AB415BB2FC}.Debug|Any CPU.ActiveCfg = Debug|Any CPU
		{6CE5020B-3C0D-467E-8262-17AB415BB2FC}.Debug|Any CPU.Build.0 = Debug|Any CPU
		{6CE5020B-3C0D-467E-8262-17AB415BB2FC}.Debug|x64.ActiveCfg = Debug|Any CPU
		{6CE5020B-3C0D-467E-8262-17AB415BB2FC}.Debug|x64.Build.0 = Debug|Any CPU
		{6CE5020B-3C0D-467E-8262-17AB415BB2FC}.Debug|x86.ActiveCfg = Debug|Any CPU
		{6CE5020B-3C0D-467E-8262-17AB415BB2FC}.Debug|x86.Build.0 = Debug|Any CPU
		{6CE5020B-3C0D-467E-8262-17AB415BB2FC}.Release|Any CPU.ActiveCfg = Release|Any CPU
		{6CE5020B-3C0D-467E-8262-17AB415BB2FC}.Release|Any CPU.Build.0 = Release|Any CPU
		{6CE5020B-3C0D-467E-8262-17AB415BB2FC}.Release|x64.ActiveCfg = Release|Any CPU
		{6CE5020B-3C0D-467E-8262-17AB415BB2FC}.Release|x64.Build.0 = Release|Any CPU
		{6CE5020B-3C0D-467E-8262-17AB415BB2FC}.Release|x86.ActiveCfg = Release|Any CPU
		{6CE5020B-3C0D-467E-8262-17AB415BB2FC}.Release|x86.Build.0 = Release|Any CPU
		{ECD7F504-D709-415C-A039-326B1DA40629}.Debug|Any CPU.ActiveCfg = Debug|Any CPU
		{ECD7F504-D709-415C-A039-326B1DA40629}.Debug|Any CPU.Build.0 = Debug|Any CPU
		{ECD7F504-D709-415C-A039-326B1DA40629}.Debug|x64.ActiveCfg = Debug|Any CPU
		{ECD7F504-D709-415C-A039-326B1DA40629}.Debug|x64.Build.0 = Debug|Any CPU
		{ECD7F504-D709-415C-A039-326B1DA40629}.Debug|x86.ActiveCfg = Debug|Any CPU
		{ECD7F504-D709-415C-A039-326B1DA40629}.Debug|x86.Build.0 = Debug|Any CPU
		{ECD7F504-D709-415C-A039-326B1DA40629}.Release|Any CPU.ActiveCfg = Release|Any CPU
		{ECD7F504-D709-415C-A039-326B1DA40629}.Release|Any CPU.Build.0 = Release|Any CPU
		{ECD7F504-D709-415C-A039-326B1DA40629}.Release|x64.ActiveCfg = Release|Any CPU
		{ECD7F504-D709-415C-A039-326B1DA40629}.Release|x64.Build.0 = Release|Any CPU
		{ECD7F504-D709-415C-A039-326B1DA40629}.Release|x86.ActiveCfg = Release|Any CPU
		{ECD7F504-D709-415C-A039-326B1DA40629}.Release|x86.Build.0 = Release|Any CPU
		{9FDC400F-F0ED-42C1-B229-3A49E9E966F3}.Debug|Any CPU.ActiveCfg = Debug|Any CPU
		{9FDC400F-F0ED-42C1-B229-3A49E9E966F3}.Debug|Any CPU.Build.0 = Debug|Any CPU
		{9FDC400F-F0ED-42C1-B229-3A49E9E966F3}.Debug|x64.ActiveCfg = Debug|Any CPU
		{9FDC400F-F0ED-42C1-B229-3A49E9E966F3}.Debug|x64.Build.0 = Debug|Any CPU
		{9FDC400F-F0ED-42C1-B229-3A49E9E966F3}.Debug|x86.ActiveCfg = Debug|Any CPU
		{9FDC400F-F0ED-42C1-B229-3A49E9E966F3}.Debug|x86.Build.0 = Debug|Any CPU
		{9FDC400F-F0ED-42C1-B229-3A49E9E966F3}.Release|Any CPU.ActiveCfg = Release|Any CPU
		{9FDC400F-F0ED-42C1-B229-3A49E9E966F3}.Release|Any CPU.Build.0 = Release|Any CPU
		{9FDC400F-F0ED-42C1-B229-3A49E9E966F3}.Release|x64.ActiveCfg = Release|Any CPU
		{9FDC400F-F0ED-42C1-B229-3A49E9E966F3}.Release|x64.Build.0 = Release|Any CPU
		{9FDC400F-F0ED-42C1-B229-3A49E9E966F3}.Release|x86.ActiveCfg = Release|Any CPU
		{9FDC400F-F0ED-42C1-B229-3A49E9E966F3}.Release|x86.Build.0 = Release|Any CPU
		{63248E7F-EE5A-41FF-BAFA-30BCCBFBD4C2}.Debug|Any CPU.ActiveCfg = Debug|Any CPU
		{63248E7F-EE5A-41FF-BAFA-30BCCBFBD4C2}.Debug|Any CPU.Build.0 = Debug|Any CPU
		{63248E7F-EE5A-41FF-BAFA-30BCCBFBD4C2}.Debug|x64.ActiveCfg = Debug|Any CPU
		{63248E7F-EE5A-41FF-BAFA-30BCCBFBD4C2}.Debug|x64.Build.0 = Debug|Any CPU
		{63248E7F-EE5A-41FF-BAFA-30BCCBFBD4C2}.Debug|x86.ActiveCfg = Debug|Any CPU
		{63248E7F-EE5A-41FF-BAFA-30BCCBFBD4C2}.Debug|x86.Build.0 = Debug|Any CPU
		{63248E7F-EE5A-41FF-BAFA-30BCCBFBD4C2}.Release|Any CPU.ActiveCfg = Release|Any CPU
		{63248E7F-EE5A-41FF-BAFA-30BCCBFBD4C2}.Release|Any CPU.Build.0 = Release|Any CPU
		{63248E7F-EE5A-41FF-BAFA-30BCCBFBD4C2}.Release|x64.ActiveCfg = Release|Any CPU
		{63248E7F-EE5A-41FF-BAFA-30BCCBFBD4C2}.Release|x64.Build.0 = Release|Any CPU
		{63248E7F-EE5A-41FF-BAFA-30BCCBFBD4C2}.Release|x86.ActiveCfg = Release|Any CPU
		{63248E7F-EE5A-41FF-BAFA-30BCCBFBD4C2}.Release|x86.Build.0 = Release|Any CPU
		{7E38FF04-B0E8-4ABD-B563-59E3FB42E6EA}.Debug|Any CPU.ActiveCfg = Debug|Any CPU
		{7E38FF04-B0E8-4ABD-B563-59E3FB42E6EA}.Debug|Any CPU.Build.0 = Debug|Any CPU
		{7E38FF04-B0E8-4ABD-B563-59E3FB42E6EA}.Debug|x64.ActiveCfg = Debug|Any CPU
		{7E38FF04-B0E8-4ABD-B563-59E3FB42E6EA}.Debug|x64.Build.0 = Debug|Any CPU
		{7E38FF04-B0E8-4ABD-B563-59E3FB42E6EA}.Debug|x86.ActiveCfg = Debug|Any CPU
		{7E38FF04-B0E8-4ABD-B563-59E3FB42E6EA}.Debug|x86.Build.0 = Debug|Any CPU
		{7E38FF04-B0E8-4ABD-B563-59E3FB42E6EA}.Release|Any CPU.ActiveCfg = Release|Any CPU
		{7E38FF04-B0E8-4ABD-B563-59E3FB42E6EA}.Release|Any CPU.Build.0 = Release|Any CPU
		{7E38FF04-B0E8-4ABD-B563-59E3FB42E6EA}.Release|x64.ActiveCfg = Release|Any CPU
		{7E38FF04-B0E8-4ABD-B563-59E3FB42E6EA}.Release|x64.Build.0 = Release|Any CPU
		{7E38FF04-B0E8-4ABD-B563-59E3FB42E6EA}.Release|x86.ActiveCfg = Release|Any CPU
		{7E38FF04-B0E8-4ABD-B563-59E3FB42E6EA}.Release|x86.Build.0 = Release|Any CPU
	EndGlobalSection
	GlobalSection(SolutionProperties) = preSolution
		HideSolutionNode = FALSE
	EndGlobalSection
	GlobalSection(NestedProjects) = preSolution
		{D5DA954D-A326-4AAB-BB75-09CE4938EBE8} = {4D825D12-2F97-48FB-B6A2-4DFE4C9324B1}
		{D2685406-4197-472D-92C3-0DC80FB3304B} = {4D825D12-2F97-48FB-B6A2-4DFE4C9324B1}
		{AFF9217F-AA67-442D-903D-D386DD26D905} = {4D825D12-2F97-48FB-B6A2-4DFE4C9324B1}
		{6EB32EAE-C7C9-42F5-9D1F-90E8F0517F30} = {4D825D12-2F97-48FB-B6A2-4DFE4C9324B1}
		{6CE5020B-3C0D-467E-8262-17AB415BB2FC} = {6EB32EAE-C7C9-42F5-9D1F-90E8F0517F30}
		{ECD7F504-D709-415C-A039-326B1DA40629} = {D2685406-4197-472D-92C3-0DC80FB3304B}
		{9FDC400F-F0ED-42C1-B229-3A49E9E966F3} = {D5DA954D-A326-4AAB-BB75-09CE4938EBE8}
		{63248E7F-EE5A-41FF-BAFA-30BCCBFBD4C2} = {AFF9217F-AA67-442D-903D-D386DD26D905}
		{2A1A573B-E331-7306-0DED-D19F6CF25EDE} = {4D825D12-2F97-48FB-B6A2-4DFE4C9324B1}
		{7E38FF04-B0E8-4ABD-B563-59E3FB42E6EA} = {2A1A573B-E331-7306-0DED-D19F6CF25EDE}
	EndGlobalSection
	GlobalSection(ExtensibilityGlobals) = postSolution
		SolutionGuid = {13A29239-959C-454D-A00D-0663658B410A}
	EndGlobalSection
EndGlobal
